// !$*UTF8*$!
{
	archiveVersion = 1;
	classes = {
	};
	objectVersion = 56;
	objects = {

/* Begin PBXBuildFile section */
		F94ABE552C0EE6360030C5A3 /* FirebaseAuthentication.swift in Sources */ = {isa = PBXBuildFile; fileRef = F94ABE542C0EE6360030C5A3 /* FirebaseAuthentication.swift */; };
		F95197FA2BE39DE80053F7F0 /* Assets.xcassets in Resources */ = {isa = PBXBuildFile; fileRef = F95197F72BE39DE80053F7F0 /* Assets.xcassets */; };
		F95197FB2BE39DE80053F7F0 /* Preview Assets.xcassets in Resources */ = {isa = PBXBuildFile; fileRef = F95197F82BE39DE80053F7F0 /* Preview Assets.xcassets */; };
		F95198002BE39E790053F7F0 /* LaunchScreen.storyboard in Resources */ = {isa = PBXBuildFile; fileRef = F95197FF2BE39E790053F7F0 /* LaunchScreen.storyboard */; };
		F95198022BE39F0B0053F7F0 /* AppDelegate.swift in Sources */ = {isa = PBXBuildFile; fileRef = F95198012BE39F0B0053F7F0 /* AppDelegate.swift */; };
		F95198042BE39FD60053F7F0 /* SceneDelegate.swift in Sources */ = {isa = PBXBuildFile; fileRef = F95198032BE39FD60053F7F0 /* SceneDelegate.swift */; };
		F95198072BE3A0830053F7F0 /* RootView.swift in Sources */ = {isa = PBXBuildFile; fileRef = F95198062BE3A0830053F7F0 /* RootView.swift */; };
		F951980A2BE3A1430053F7F0 /* WelcomeView.swift in Sources */ = {isa = PBXBuildFile; fileRef = F95198092BE3A1430053F7F0 /* WelcomeView.swift */; };
		F951980C2BE3A5E60053F7F0 /* SystemServices.swift in Sources */ = {isa = PBXBuildFile; fileRef = F951980B2BE3A5E60053F7F0 /* SystemServices.swift */; };
		F95198172BE3AED60053F7F0 /* Localizable.strings in Resources */ = {isa = PBXBuildFile; fileRef = F95198162BE3AED60053F7F0 /* Localizable.strings */; };
		F951981B2BE3B1D00053F7F0 /* Assets.swift in Sources */ = {isa = PBXBuildFile; fileRef = F95198192BE3B1D00053F7F0 /* Assets.swift */; };
		F951981C2BE3B1D00053F7F0 /* Strings.swift in Sources */ = {isa = PBXBuildFile; fileRef = F951981A2BE3B1D00053F7F0 /* Strings.swift */; };
		F951981F2BE3B2600053F7F0 /* BlueButtonStyle.swift in Sources */ = {isa = PBXBuildFile; fileRef = F951981E2BE3B2600053F7F0 /* BlueButtonStyle.swift */; };
		F95198212BE3BBC00053F7F0 /* BorderButtonStyle.swift in Sources */ = {isa = PBXBuildFile; fileRef = F95198202BE3BBC00053F7F0 /* BorderButtonStyle.swift */; };
		F95198272BE3C4650053F7F0 /* SFProText-Medium.ttf in Resources */ = {isa = PBXBuildFile; fileRef = F95198232BE3C4650053F7F0 /* SFProText-Medium.ttf */; };
		F95198282BE3C4650053F7F0 /* SFProText-Bold.ttf in Resources */ = {isa = PBXBuildFile; fileRef = F95198242BE3C4650053F7F0 /* SFProText-Bold.ttf */; };
		F95198292BE3C4650053F7F0 /* SFProText-Regular.ttf in Resources */ = {isa = PBXBuildFile; fileRef = F95198252BE3C4650053F7F0 /* SFProText-Regular.ttf */; };
		F951982A2BE3C4650053F7F0 /* SFProText-Semibold.ttf in Resources */ = {isa = PBXBuildFile; fileRef = F95198262BE3C4650053F7F0 /* SFProText-Semibold.ttf */; };
		F951982D2BE3C53A0053F7F0 /* Fonts+Custom.swift in Sources */ = {isa = PBXBuildFile; fileRef = F951982C2BE3C53A0053F7F0 /* Fonts+Custom.swift */; };
		F951982F2BE3F9CC0053F7F0 /* AuthView.swift in Sources */ = {isa = PBXBuildFile; fileRef = F951982E2BE3F9CC0053F7F0 /* AuthView.swift */; };
		F95198322BE3FC9F0053F7F0 /* NavStackHandler.swift in Sources */ = {isa = PBXBuildFile; fileRef = F95198312BE3FC9F0053F7F0 /* NavStackHandler.swift */; };
		F95198342BE4C8000053F7F0 /* SignInView.swift in Sources */ = {isa = PBXBuildFile; fileRef = F95198332BE4C8000053F7F0 /* SignInView.swift */; };
		F95198362BE4CD7A0053F7F0 /* RoundedCorner.swift in Sources */ = {isa = PBXBuildFile; fileRef = F95198352BE4CD7A0053F7F0 /* RoundedCorner.swift */; };
		F95198382BE4CDB90053F7F0 /* View+Corners.swift in Sources */ = {isa = PBXBuildFile; fileRef = F95198372BE4CDB90053F7F0 /* View+Corners.swift */; };
		F951983B2BE4E2100053F7F0 /* WalletWiseTextField.swift in Sources */ = {isa = PBXBuildFile; fileRef = F951983A2BE4E2100053F7F0 /* WalletWiseTextField.swift */; };
		F96E33152C119E4500F22926 /* FirebaseFirestore in Frameworks */ = {isa = PBXBuildFile; productRef = F96E33142C119E4500F22926 /* FirebaseFirestore */; };
		F96E33172C119E5600F22926 /* FirebaseFirestoreSwift in Frameworks */ = {isa = PBXBuildFile; productRef = F96E33162C119E5600F22926 /* FirebaseFirestoreSwift */; };
		F96E33192C11CCD800F22926 /* GoogleService-Info.plist in Resources */ = {isa = PBXBuildFile; fileRef = F96E33182C11CCD800F22926 /* GoogleService-Info.plist */; };
		F96E331C2C11CE4000F22926 /* GoogleSignIn in Frameworks */ = {isa = PBXBuildFile; productRef = F96E331B2C11CE4000F22926 /* GoogleSignIn */; };
		F96E331E2C11CE4000F22926 /* GoogleSignInSwift in Frameworks */ = {isa = PBXBuildFile; productRef = F96E331D2C11CE4000F22926 /* GoogleSignInSwift */; };
		F96E33202C11E18B00F22926 /* FirebaseService.swift in Sources */ = {isa = PBXBuildFile; fileRef = F96E331F2C11E18B00F22926 /* FirebaseService.swift */; };
		F971674B2C18685A0080DBB5 /* CustomProgressView.swift in Sources */ = {isa = PBXBuildFile; fileRef = F971674A2C18685A0080DBB5 /* CustomProgressView.swift */; };
		F98C946D2BEBA96200C243F7 /* MainView.swift in Sources */ = {isa = PBXBuildFile; fileRef = F98C946C2BEBA96200C243F7 /* MainView.swift */; };
		F98C94702BEBA9DF00C243F7 /* HomeView.swift in Sources */ = {isa = PBXBuildFile; fileRef = F98C946F2BEBA9DF00C243F7 /* HomeView.swift */; };
		F98C94732BEBAA3700C243F7 /* AIInsightsView.swift in Sources */ = {isa = PBXBuildFile; fileRef = F98C94722BEBAA3700C243F7 /* AIInsightsView.swift */; };
		F98C94762BEBAA7B00C243F7 /* BudgetView.swift in Sources */ = {isa = PBXBuildFile; fileRef = F98C94752BEBAA7B00C243F7 /* BudgetView.swift */; };
		F98C94792BEBAAC000C243F7 /* AccountView.swift in Sources */ = {isa = PBXBuildFile; fileRef = F98C94782BEBAAC000C243F7 /* AccountView.swift */; };
		F98EA2622C29446900C76FBA /* TransactionDetailsView.swift in Sources */ = {isa = PBXBuildFile; fileRef = F98EA2612C29446900C76FBA /* TransactionDetailsView.swift */; };
		F9A0E6552BEE3D3700E0115A /* TransactionRow.swift in Sources */ = {isa = PBXBuildFile; fileRef = F9A0E6542BEE3D3700E0115A /* TransactionRow.swift */; };
		F9C5B6AE2C1C5E7000D44CD3 /* DateFormattingHelper.swift in Sources */ = {isa = PBXBuildFile; fileRef = F9C5B6AD2C1C5E7000D44CD3 /* DateFormattingHelper.swift */; };
		F9C6BCDB2C246083005B1A41 /* DatePickerView.swift in Sources */ = {isa = PBXBuildFile; fileRef = F9C6BCDA2C246083005B1A41 /* DatePickerView.swift */; };
		F9CCDD9C2C0F057500520347 /* FirebaseAuth in Frameworks */ = {isa = PBXBuildFile; productRef = F9CCDD9B2C0F057500520347 /* FirebaseAuth */; };
		F9CCDD9E2C0F31E300520347 /* MessageView.swift in Sources */ = {isa = PBXBuildFile; fileRef = F9CCDD9D2C0F31E300520347 /* MessageView.swift */; };
		F9CCDDA02C0F333E00520347 /* Subscriptions.swift in Sources */ = {isa = PBXBuildFile; fileRef = F9CCDD9F2C0F333E00520347 /* Subscriptions.swift */; };
		F9CCDDA52C10370A00520347 /* SignInViewModel.swift in Sources */ = {isa = PBXBuildFile; fileRef = F9CCDDA42C10370A00520347 /* SignInViewModel.swift */; };
		F9CCDDA82C103ABF00520347 /* Publisher+FormValidators.swift in Sources */ = {isa = PBXBuildFile; fileRef = F9CCDDA72C103ABF00520347 /* Publisher+FormValidators.swift */; };
		F9CCDDAA2C103B1400520347 /* Publisher+CollectionValidators.swift in Sources */ = {isa = PBXBuildFile; fileRef = F9CCDDA92C103B1400520347 /* Publisher+CollectionValidators.swift */; };
		F9CCDDAC2C103B7C00520347 /* String+EmailRegex.swift in Sources */ = {isa = PBXBuildFile; fileRef = F9CCDDAB2C103B7C00520347 /* String+EmailRegex.swift */; };
		F9CCDDAF2C103C7E00520347 /* SignUpViewModel.swift in Sources */ = {isa = PBXBuildFile; fileRef = F9CCDDAE2C103C7E00520347 /* SignUpViewModel.swift */; };
		F9CEABBF2C1982A9003CB01B /* AccountsRow.swift in Sources */ = {isa = PBXBuildFile; fileRef = F9CEABBE2C1982A9003CB01B /* AccountsRow.swift */; };
		F9CEABC22C199F15003CB01B /* TransactionsHistoryView.swift in Sources */ = {isa = PBXBuildFile; fileRef = F9CEABC12C199F15003CB01B /* TransactionsHistoryView.swift */; };
		F9CEABC42C19A387003CB01B /* TransactionsFilterView.swift in Sources */ = {isa = PBXBuildFile; fileRef = F9CEABC32C19A387003CB01B /* TransactionsFilterView.swift */; };
		F9CEABC62C19B5A3003CB01B /* FilterView.swift in Sources */ = {isa = PBXBuildFile; fileRef = F9CEABC52C19B5A3003CB01B /* FilterView.swift */; };
		F9F7AD312BE4FEEC00A10AB2 /* WalletWiseSecureTextField.swift in Sources */ = {isa = PBXBuildFile; fileRef = F9F7AD302BE4FEEC00A10AB2 /* WalletWiseSecureTextField.swift */; };
		F9F7AD332BE50CB900A10AB2 /* SignUpView.swift in Sources */ = {isa = PBXBuildFile; fileRef = F9F7AD322BE50CB900A10AB2 /* SignUpView.swift */; };
		F9F7AD352BEA3F4600A10AB2 /* IntroView.swift in Sources */ = {isa = PBXBuildFile; fileRef = F9F7AD342BEA3F4600A10AB2 /* IntroView.swift */; };
		F9F7AD382BEA592400A10AB2 /* IntroPageView.swift in Sources */ = {isa = PBXBuildFile; fileRef = F9F7AD372BEA592400A10AB2 /* IntroPageView.swift */; };
		F9F7AD3A2BEA5D0E00A10AB2 /* PageViewController.swift in Sources */ = {isa = PBXBuildFile; fileRef = F9F7AD392BEA5D0E00A10AB2 /* PageViewController.swift */; };
		F9F7AD3C2BEA5D6900A10AB2 /* PageControl.swift in Sources */ = {isa = PBXBuildFile; fileRef = F9F7AD3B2BEA5D6900A10AB2 /* PageControl.swift */; };
/* End PBXBuildFile section */

/* Begin PBXFileReference section */
		F94ABE542C0EE6360030C5A3 /* FirebaseAuthentication.swift */ = {isa = PBXFileReference; lastKnownFileType = sourcecode.swift; path = FirebaseAuthentication.swift; sourceTree = "<group>"; };
		F95197E52BE39D640053F7F0 /* WalletWiseAI.app */ = {isa = PBXFileReference; explicitFileType = wrapper.application; includeInIndex = 0; path = WalletWiseAI.app; sourceTree = BUILT_PRODUCTS_DIR; };
		F95197F72BE39DE80053F7F0 /* Assets.xcassets */ = {isa = PBXFileReference; lastKnownFileType = folder.assetcatalog; path = Assets.xcassets; sourceTree = "<group>"; };
		F95197F82BE39DE80053F7F0 /* Preview Assets.xcassets */ = {isa = PBXFileReference; lastKnownFileType = folder.assetcatalog; path = "Preview Assets.xcassets"; sourceTree = "<group>"; };
		F95197FF2BE39E790053F7F0 /* LaunchScreen.storyboard */ = {isa = PBXFileReference; lastKnownFileType = file.storyboard; path = LaunchScreen.storyboard; sourceTree = "<group>"; };
		F95198012BE39F0B0053F7F0 /* AppDelegate.swift */ = {isa = PBXFileReference; lastKnownFileType = sourcecode.swift; path = AppDelegate.swift; sourceTree = "<group>"; };
		F95198032BE39FD60053F7F0 /* SceneDelegate.swift */ = {isa = PBXFileReference; lastKnownFileType = sourcecode.swift; path = SceneDelegate.swift; sourceTree = "<group>"; };
		F95198052BE3A0190053F7F0 /* WalletWiseAI-Info.plist */ = {isa = PBXFileReference; lastKnownFileType = text.plist; path = "WalletWiseAI-Info.plist"; sourceTree = "<group>"; };
		F95198062BE3A0830053F7F0 /* RootView.swift */ = {isa = PBXFileReference; lastKnownFileType = sourcecode.swift; path = RootView.swift; sourceTree = "<group>"; };
		F95198092BE3A1430053F7F0 /* WelcomeView.swift */ = {isa = PBXFileReference; lastKnownFileType = sourcecode.swift; path = WelcomeView.swift; sourceTree = "<group>"; };
		F951980B2BE3A5E60053F7F0 /* SystemServices.swift */ = {isa = PBXFileReference; lastKnownFileType = sourcecode.swift; path = SystemServices.swift; sourceTree = "<group>"; };
		F95198152BE3AED60053F7F0 /* en */ = {isa = PBXFileReference; lastKnownFileType = text.plist.strings; name = en; path = en.lproj/Localizable.strings; sourceTree = "<group>"; };
		F95198192BE3B1D00053F7F0 /* Assets.swift */ = {isa = PBXFileReference; fileEncoding = 4; lastKnownFileType = sourcecode.swift; path = Assets.swift; sourceTree = "<group>"; };
		F951981A2BE3B1D00053F7F0 /* Strings.swift */ = {isa = PBXFileReference; fileEncoding = 4; lastKnownFileType = sourcecode.swift; path = Strings.swift; sourceTree = "<group>"; };
		F951981E2BE3B2600053F7F0 /* BlueButtonStyle.swift */ = {isa = PBXFileReference; lastKnownFileType = sourcecode.swift; path = BlueButtonStyle.swift; sourceTree = "<group>"; };
		F95198202BE3BBC00053F7F0 /* BorderButtonStyle.swift */ = {isa = PBXFileReference; lastKnownFileType = sourcecode.swift; path = BorderButtonStyle.swift; sourceTree = "<group>"; };
		F95198232BE3C4650053F7F0 /* SFProText-Medium.ttf */ = {isa = PBXFileReference; lastKnownFileType = file; path = "SFProText-Medium.ttf"; sourceTree = "<group>"; };
		F95198242BE3C4650053F7F0 /* SFProText-Bold.ttf */ = {isa = PBXFileReference; lastKnownFileType = file; path = "SFProText-Bold.ttf"; sourceTree = "<group>"; };
		F95198252BE3C4650053F7F0 /* SFProText-Regular.ttf */ = {isa = PBXFileReference; lastKnownFileType = file; path = "SFProText-Regular.ttf"; sourceTree = "<group>"; };
		F95198262BE3C4650053F7F0 /* SFProText-Semibold.ttf */ = {isa = PBXFileReference; lastKnownFileType = file; path = "SFProText-Semibold.ttf"; sourceTree = "<group>"; };
		F951982C2BE3C53A0053F7F0 /* Fonts+Custom.swift */ = {isa = PBXFileReference; lastKnownFileType = sourcecode.swift; path = "Fonts+Custom.swift"; sourceTree = "<group>"; };
		F951982E2BE3F9CC0053F7F0 /* AuthView.swift */ = {isa = PBXFileReference; lastKnownFileType = sourcecode.swift; path = AuthView.swift; sourceTree = "<group>"; };
		F95198312BE3FC9F0053F7F0 /* NavStackHandler.swift */ = {isa = PBXFileReference; lastKnownFileType = sourcecode.swift; path = NavStackHandler.swift; sourceTree = "<group>"; };
		F95198332BE4C8000053F7F0 /* SignInView.swift */ = {isa = PBXFileReference; lastKnownFileType = sourcecode.swift; path = SignInView.swift; sourceTree = "<group>"; };
		F95198352BE4CD7A0053F7F0 /* RoundedCorner.swift */ = {isa = PBXFileReference; lastKnownFileType = sourcecode.swift; path = RoundedCorner.swift; sourceTree = "<group>"; };
		F95198372BE4CDB90053F7F0 /* View+Corners.swift */ = {isa = PBXFileReference; lastKnownFileType = sourcecode.swift; path = "View+Corners.swift"; sourceTree = "<group>"; };
		F951983A2BE4E2100053F7F0 /* WalletWiseTextField.swift */ = {isa = PBXFileReference; lastKnownFileType = sourcecode.swift; path = WalletWiseTextField.swift; sourceTree = "<group>"; };
		F96E33182C11CCD800F22926 /* GoogleService-Info.plist */ = {isa = PBXFileReference; fileEncoding = 4; lastKnownFileType = text.plist.xml; path = "GoogleService-Info.plist"; sourceTree = "<group>"; };
		F96E331F2C11E18B00F22926 /* FirebaseService.swift */ = {isa = PBXFileReference; lastKnownFileType = sourcecode.swift; path = FirebaseService.swift; sourceTree = "<group>"; };
		F971674A2C18685A0080DBB5 /* CustomProgressView.swift */ = {isa = PBXFileReference; lastKnownFileType = sourcecode.swift; path = CustomProgressView.swift; sourceTree = "<group>"; };
		F98C946C2BEBA96200C243F7 /* MainView.swift */ = {isa = PBXFileReference; lastKnownFileType = sourcecode.swift; path = MainView.swift; sourceTree = "<group>"; };
		F98C946F2BEBA9DF00C243F7 /* HomeView.swift */ = {isa = PBXFileReference; lastKnownFileType = sourcecode.swift; path = HomeView.swift; sourceTree = "<group>"; };
		F98C94722BEBAA3700C243F7 /* AIInsightsView.swift */ = {isa = PBXFileReference; lastKnownFileType = sourcecode.swift; path = AIInsightsView.swift; sourceTree = "<group>"; };
		F98C94752BEBAA7B00C243F7 /* BudgetView.swift */ = {isa = PBXFileReference; lastKnownFileType = sourcecode.swift; path = BudgetView.swift; sourceTree = "<group>"; };
		F98C94782BEBAAC000C243F7 /* AccountView.swift */ = {isa = PBXFileReference; lastKnownFileType = sourcecode.swift; path = AccountView.swift; sourceTree = "<group>"; };
		F98EA2612C29446900C76FBA /* TransactionDetailsView.swift */ = {isa = PBXFileReference; lastKnownFileType = sourcecode.swift; path = TransactionDetailsView.swift; sourceTree = "<group>"; };
		F9A0E6542BEE3D3700E0115A /* TransactionRow.swift */ = {isa = PBXFileReference; lastKnownFileType = sourcecode.swift; path = TransactionRow.swift; sourceTree = "<group>"; };
		F9C5B6AD2C1C5E7000D44CD3 /* DateFormattingHelper.swift */ = {isa = PBXFileReference; lastKnownFileType = sourcecode.swift; path = DateFormattingHelper.swift; sourceTree = "<group>"; };
		F9C6BCDA2C246083005B1A41 /* DatePickerView.swift */ = {isa = PBXFileReference; lastKnownFileType = sourcecode.swift; path = DatePickerView.swift; sourceTree = "<group>"; };
		F9CCDD9D2C0F31E300520347 /* MessageView.swift */ = {isa = PBXFileReference; lastKnownFileType = sourcecode.swift; path = MessageView.swift; sourceTree = "<group>"; };
		F9CCDD9F2C0F333E00520347 /* Subscriptions.swift */ = {isa = PBXFileReference; lastKnownFileType = sourcecode.swift; path = Subscriptions.swift; sourceTree = "<group>"; };
		F9CCDDA42C10370A00520347 /* SignInViewModel.swift */ = {isa = PBXFileReference; lastKnownFileType = sourcecode.swift; path = SignInViewModel.swift; sourceTree = "<group>"; };
		F9CCDDA72C103ABF00520347 /* Publisher+FormValidators.swift */ = {isa = PBXFileReference; lastKnownFileType = sourcecode.swift; path = "Publisher+FormValidators.swift"; sourceTree = "<group>"; };
		F9CCDDA92C103B1400520347 /* Publisher+CollectionValidators.swift */ = {isa = PBXFileReference; lastKnownFileType = sourcecode.swift; path = "Publisher+CollectionValidators.swift"; sourceTree = "<group>"; };
		F9CCDDAB2C103B7C00520347 /* String+EmailRegex.swift */ = {isa = PBXFileReference; lastKnownFileType = sourcecode.swift; path = "String+EmailRegex.swift"; sourceTree = "<group>"; };
		F9CCDDAE2C103C7E00520347 /* SignUpViewModel.swift */ = {isa = PBXFileReference; lastKnownFileType = sourcecode.swift; path = SignUpViewModel.swift; sourceTree = "<group>"; };
		F9CEABBE2C1982A9003CB01B /* AccountsRow.swift */ = {isa = PBXFileReference; lastKnownFileType = sourcecode.swift; path = AccountsRow.swift; sourceTree = "<group>"; };
		F9CEABC12C199F15003CB01B /* TransactionsHistoryView.swift */ = {isa = PBXFileReference; lastKnownFileType = sourcecode.swift; path = TransactionsHistoryView.swift; sourceTree = "<group>"; };
		F9CEABC32C19A387003CB01B /* TransactionsFilterView.swift */ = {isa = PBXFileReference; lastKnownFileType = sourcecode.swift; path = TransactionsFilterView.swift; sourceTree = "<group>"; };
		F9CEABC52C19B5A3003CB01B /* FilterView.swift */ = {isa = PBXFileReference; lastKnownFileType = sourcecode.swift; path = FilterView.swift; sourceTree = "<group>"; };
		F9F7AD302BE4FEEC00A10AB2 /* WalletWiseSecureTextField.swift */ = {isa = PBXFileReference; lastKnownFileType = sourcecode.swift; path = WalletWiseSecureTextField.swift; sourceTree = "<group>"; };
		F9F7AD322BE50CB900A10AB2 /* SignUpView.swift */ = {isa = PBXFileReference; lastKnownFileType = sourcecode.swift; path = SignUpView.swift; sourceTree = "<group>"; };
		F9F7AD342BEA3F4600A10AB2 /* IntroView.swift */ = {isa = PBXFileReference; lastKnownFileType = sourcecode.swift; path = IntroView.swift; sourceTree = "<group>"; };
		F9F7AD372BEA592400A10AB2 /* IntroPageView.swift */ = {isa = PBXFileReference; lastKnownFileType = sourcecode.swift; path = IntroPageView.swift; sourceTree = "<group>"; };
		F9F7AD392BEA5D0E00A10AB2 /* PageViewController.swift */ = {isa = PBXFileReference; lastKnownFileType = sourcecode.swift; path = PageViewController.swift; sourceTree = "<group>"; };
		F9F7AD3B2BEA5D6900A10AB2 /* PageControl.swift */ = {isa = PBXFileReference; lastKnownFileType = sourcecode.swift; path = PageControl.swift; sourceTree = "<group>"; };
/* End PBXFileReference section */

/* Begin PBXFrameworksBuildPhase section */
		F95197E22BE39D640053F7F0 /* Frameworks */ = {
			isa = PBXFrameworksBuildPhase;
			buildActionMask = 2147483647;
			files = (
				F96E331E2C11CE4000F22926 /* GoogleSignInSwift in Frameworks */,
				F9CCDD9C2C0F057500520347 /* FirebaseAuth in Frameworks */,
				F96E331C2C11CE4000F22926 /* GoogleSignIn in Frameworks */,
				F96E33152C119E4500F22926 /* FirebaseFirestore in Frameworks */,
				F96E33172C119E5600F22926 /* FirebaseFirestoreSwift in Frameworks */,
			);
			runOnlyForDeploymentPostprocessing = 0;
		};
/* End PBXFrameworksBuildPhase section */

/* Begin PBXGroup section */
		F9434DB82BEAB8C400463089 /* Auth */ = {
			isa = PBXGroup;
			children = (
				F9CCDDAD2C103C6100520347 /* SignUp */,
				F9CCDDA32C1036E700520347 /* SignIn */,
				F951982E2BE3F9CC0053F7F0 /* AuthView.swift */,
			);
			path = Auth;
			sourceTree = "<group>";
		};
		F94ABE532C0EE6140030C5A3 /* Firebase */ = {
			isa = PBXGroup;
			children = (
				F94ABE542C0EE6360030C5A3 /* FirebaseAuthentication.swift */,
				F96E331F2C11E18B00F22926 /* FirebaseService.swift */,
			);
			path = Firebase;
			sourceTree = "<group>";
		};
		F95197DC2BE39D640053F7F0 = {
			isa = PBXGroup;
			children = (
				F96E33182C11CCD800F22926 /* GoogleService-Info.plist */,
				F95198222BE3C44E0053F7F0 /* Fonts */,
				F95198052BE3A0190053F7F0 /* WalletWiseAI-Info.plist */,
				F95197FD2BE39E0B0053F7F0 /* Sources */,
				F95197FC2BE39E010053F7F0 /* Services */,
				F95197F62BE39DB90053F7F0 /* Assets */,
				F95198182BE3AFE10053F7F0 /* Generated */,
				F95197E62BE39D640053F7F0 /* Products */,
				F96E33132C119E4500F22926 /* Frameworks */,
			);
			sourceTree = "<group>";
		};
		F95197E62BE39D640053F7F0 /* Products */ = {
			isa = PBXGroup;
			children = (
				F95197E52BE39D640053F7F0 /* WalletWiseAI.app */,
			);
			name = Products;
			sourceTree = "<group>";
		};
		F95197F62BE39DB90053F7F0 /* Assets */ = {
			isa = PBXGroup;
			children = (
				F95197F72BE39DE80053F7F0 /* Assets.xcassets */,
				F95197F92BE39DE80053F7F0 /* Preview Content */,
				F95197FF2BE39E790053F7F0 /* LaunchScreen.storyboard */,
				F95198162BE3AED60053F7F0 /* Localizable.strings */,
			);
			path = Assets;
			sourceTree = "<group>";
		};
		F95197F92BE39DE80053F7F0 /* Preview Content */ = {
			isa = PBXGroup;
			children = (
				F95197F82BE39DE80053F7F0 /* Preview Assets.xcassets */,
			);
			path = "Preview Content";
			sourceTree = "<group>";
		};
		F95197FC2BE39E010053F7F0 /* Services */ = {
			isa = PBXGroup;
			children = (
				F9CCDDA62C103AA300520347 /* Validators */,
				F94ABE532C0EE6140030C5A3 /* Firebase */,
				F951980B2BE3A5E60053F7F0 /* SystemServices.swift */,
			);
			path = Services;
			sourceTree = "<group>";
		};
		F95197FD2BE39E0B0053F7F0 /* Sources */ = {
			isa = PBXGroup;
			children = (
				F9C5B6AC2C1C5E5400D44CD3 /* Formatters */,
				F9A0E6532BEE3D0B00E0115A /* SharedScenes */,
				F95198302BE3FC7B0053F7F0 /* CustomViews */,
				F951982B2BE3C5080053F7F0 /* Extensions */,
				F951981D2BE3B2460053F7F0 /* Styles */,
				F95197FE2BE39E180053F7F0 /* Scenes */,
				F95198032BE39FD60053F7F0 /* SceneDelegate.swift */,
				F95198012BE39F0B0053F7F0 /* AppDelegate.swift */,
			);
			path = Sources;
			sourceTree = "<group>";
		};
		F95197FE2BE39E180053F7F0 /* Scenes */ = {
			isa = PBXGroup;
			children = (
				F9CEABC02C199EE3003CB01B /* Transactions */,
				F98C94772BEBAA9800C243F7 /* Account */,
				F98C94742BEBAA5700C243F7 /* Budget */,
				F98C94712BEBA9FD00C243F7 /* AIInsights */,
				F98C946E2BEBA97B00C243F7 /* Home */,
				F98C946B2BEBA93900C243F7 /* Main */,
				F95198082BE3A12A0053F7F0 /* OnBoarding */,
				F95198062BE3A0830053F7F0 /* RootView.swift */,
			);
			path = Scenes;
			sourceTree = "<group>";
		};
		F95198082BE3A12A0053F7F0 /* OnBoarding */ = {
			isa = PBXGroup;
			children = (
				F9434DB82BEAB8C400463089 /* Auth */,
				F9F7AD362BEA58CF00A10AB2 /* Introduction */,
				F95198092BE3A1430053F7F0 /* WelcomeView.swift */,
			);
			path = OnBoarding;
			sourceTree = "<group>";
		};
		F95198182BE3AFE10053F7F0 /* Generated */ = {
			isa = PBXGroup;
			children = (
				F95198192BE3B1D00053F7F0 /* Assets.swift */,
				F951981A2BE3B1D00053F7F0 /* Strings.swift */,
			);
			path = Generated;
			sourceTree = "<group>";
		};
		F951981D2BE3B2460053F7F0 /* Styles */ = {
			isa = PBXGroup;
			children = (
				F951981E2BE3B2600053F7F0 /* BlueButtonStyle.swift */,
				F95198202BE3BBC00053F7F0 /* BorderButtonStyle.swift */,
				F95198352BE4CD7A0053F7F0 /* RoundedCorner.swift */,
			);
			path = Styles;
			sourceTree = "<group>";
		};
		F95198222BE3C44E0053F7F0 /* Fonts */ = {
			isa = PBXGroup;
			children = (
				F95198242BE3C4650053F7F0 /* SFProText-Bold.ttf */,
				F95198232BE3C4650053F7F0 /* SFProText-Medium.ttf */,
				F95198252BE3C4650053F7F0 /* SFProText-Regular.ttf */,
				F95198262BE3C4650053F7F0 /* SFProText-Semibold.ttf */,
			);
			path = Fonts;
			sourceTree = "<group>";
		};
		F951982B2BE3C5080053F7F0 /* Extensions */ = {
			isa = PBXGroup;
			children = (
				F951982C2BE3C53A0053F7F0 /* Fonts+Custom.swift */,
				F95198372BE4CDB90053F7F0 /* View+Corners.swift */,
				F9CCDD9F2C0F333E00520347 /* Subscriptions.swift */,
				F9CCDDAB2C103B7C00520347 /* String+EmailRegex.swift */,
			);
			path = Extensions;
			sourceTree = "<group>";
		};
		F95198302BE3FC7B0053F7F0 /* CustomViews */ = {
			isa = PBXGroup;
			children = (
				F95198392BE4E1E60053F7F0 /* TextFields */,
				F95198312BE3FC9F0053F7F0 /* NavStackHandler.swift */,
				F9F7AD392BEA5D0E00A10AB2 /* PageViewController.swift */,
				F9F7AD3B2BEA5D6900A10AB2 /* PageControl.swift */,
				F9CCDD9D2C0F31E300520347 /* MessageView.swift */,
				F971674A2C18685A0080DBB5 /* CustomProgressView.swift */,
				F9C6BCDA2C246083005B1A41 /* DatePickerView.swift */,
			);
			path = CustomViews;
			sourceTree = "<group>";
		};
		F95198392BE4E1E60053F7F0 /* TextFields */ = {
			isa = PBXGroup;
			children = (
				F951983A2BE4E2100053F7F0 /* WalletWiseTextField.swift */,
				F9F7AD302BE4FEEC00A10AB2 /* WalletWiseSecureTextField.swift */,
			);
			path = TextFields;
			sourceTree = "<group>";
		};
		F96E33132C119E4500F22926 /* Frameworks */ = {
			isa = PBXGroup;
			children = (
			);
			name = Frameworks;
			sourceTree = "<group>";
		};
		F98C946B2BEBA93900C243F7 /* Main */ = {
			isa = PBXGroup;
			children = (
				F98C946C2BEBA96200C243F7 /* MainView.swift */,
			);
			path = Main;
			sourceTree = "<group>";
		};
		F98C946E2BEBA97B00C243F7 /* Home */ = {
			isa = PBXGroup;
			children = (
				F98C946F2BEBA9DF00C243F7 /* HomeView.swift */,
			);
			path = Home;
			sourceTree = "<group>";
		};
		F98C94712BEBA9FD00C243F7 /* AIInsights */ = {
			isa = PBXGroup;
			children = (
				F98C94722BEBAA3700C243F7 /* AIInsightsView.swift */,
			);
			path = AIInsights;
			sourceTree = "<group>";
		};
		F98C94742BEBAA5700C243F7 /* Budget */ = {
			isa = PBXGroup;
			children = (
				F98C94752BEBAA7B00C243F7 /* BudgetView.swift */,
			);
			path = Budget;
			sourceTree = "<group>";
		};
		F98C94772BEBAA9800C243F7 /* Account */ = {
			isa = PBXGroup;
			children = (
				F98C94782BEBAAC000C243F7 /* AccountView.swift */,
			);
			path = Account;
			sourceTree = "<group>";
		};
		F9A0E6532BEE3D0B00E0115A /* SharedScenes */ = {
			isa = PBXGroup;
			children = (
				F9A0E6542BEE3D3700E0115A /* TransactionRow.swift */,
				F9CEABBE2C1982A9003CB01B /* AccountsRow.swift */,
				F9CEABC32C19A387003CB01B /* TransactionsFilterView.swift */,
				F9CEABC52C19B5A3003CB01B /* FilterView.swift */,
			);
			path = SharedScenes;
			sourceTree = "<group>";
		};
		F9C5B6AC2C1C5E5400D44CD3 /* Formatters */ = {
			isa = PBXGroup;
			children = (
				F9C5B6AD2C1C5E7000D44CD3 /* DateFormattingHelper.swift */,
			);
			path = Formatters;
			sourceTree = "<group>";
		};
		F9CCDDA32C1036E700520347 /* SignIn */ = {
			isa = PBXGroup;
			children = (
				F95198332BE4C8000053F7F0 /* SignInView.swift */,
				F9CCDDA42C10370A00520347 /* SignInViewModel.swift */,
			);
			path = SignIn;
			sourceTree = "<group>";
		};
		F9CCDDA62C103AA300520347 /* Validators */ = {
			isa = PBXGroup;
			children = (
				F9CCDDA72C103ABF00520347 /* Publisher+FormValidators.swift */,
				F9CCDDA92C103B1400520347 /* Publisher+CollectionValidators.swift */,
			);
			path = Validators;
			sourceTree = "<group>";
		};
		F9CCDDAD2C103C6100520347 /* SignUp */ = {
			isa = PBXGroup;
			children = (
				F9F7AD322BE50CB900A10AB2 /* SignUpView.swift */,
				F9CCDDAE2C103C7E00520347 /* SignUpViewModel.swift */,
			);
			path = SignUp;
			sourceTree = "<group>";
		};
		F9CEABC02C199EE3003CB01B /* Transactions */ = {
			isa = PBXGroup;
			children = (
				F9CEABC12C199F15003CB01B /* TransactionsHistoryView.swift */,
				F98EA2612C29446900C76FBA /* TransactionDetailsView.swift */,
			);
			path = Transactions;
			sourceTree = "<group>";
		};
		F9F7AD362BEA58CF00A10AB2 /* Introduction */ = {
			isa = PBXGroup;
			children = (
				F9F7AD342BEA3F4600A10AB2 /* IntroView.swift */,
				F9F7AD372BEA592400A10AB2 /* IntroPageView.swift */,
			);
			path = Introduction;
			sourceTree = "<group>";
		};
/* End PBXGroup section */

/* Begin PBXNativeTarget section */
		F95197E42BE39D640053F7F0 /* WalletWiseAI */ = {
			isa = PBXNativeTarget;
			buildConfigurationList = F95197F32BE39D660053F7F0 /* Build configuration list for PBXNativeTarget "WalletWiseAI" */;
			buildPhases = (
				F95197E12BE39D640053F7F0 /* Sources */,
				F95197E22BE39D640053F7F0 /* Frameworks */,
				F95197E32BE39D640053F7F0 /* Resources */,
				F951980D2BE3A6CF0053F7F0 /* SwiftGen */,
			);
			buildRules = (
			);
			dependencies = (
			);
			name = WalletWiseAI;
			packageProductDependencies = (
				F9CCDD9B2C0F057500520347 /* FirebaseAuth */,
				F96E33142C119E4500F22926 /* FirebaseFirestore */,
				F96E33162C119E5600F22926 /* FirebaseFirestoreSwift */,
				F96E331B2C11CE4000F22926 /* GoogleSignIn */,
				F96E331D2C11CE4000F22926 /* GoogleSignInSwift */,
			);
			productName = WalletWiseAI;
			productReference = F95197E52BE39D640053F7F0 /* WalletWiseAI.app */;
			productType = "com.apple.product-type.application";
		};
/* End PBXNativeTarget section */

/* Begin PBXProject section */
		F95197DD2BE39D640053F7F0 /* Project object */ = {
			isa = PBXProject;
			attributes = {
				BuildIndependentTargetsInParallel = 1;
				LastSwiftUpdateCheck = 1530;
				LastUpgradeCheck = 1530;
				TargetAttributes = {
					F95197E42BE39D640053F7F0 = {
						CreatedOnToolsVersion = 15.3;
						LastSwiftMigration = 1530;
					};
				};
			};
			buildConfigurationList = F95197E02BE39D640053F7F0 /* Build configuration list for PBXProject "WalletWiseAI" */;
			compatibilityVersion = "Xcode 14.0";
			developmentRegion = en;
			hasScannedForEncodings = 0;
			knownRegions = (
				en,
			);
			mainGroup = F95197DC2BE39D640053F7F0;
			packageReferences = (
				F9CCDD9A2C0F057500520347 /* XCRemoteSwiftPackageReference "firebase-ios-sdk" */,
				F96E331A2C11CE4000F22926 /* XCRemoteSwiftPackageReference "GoogleSignIn-iOS" */,
			);
			productRefGroup = F95197E62BE39D640053F7F0 /* Products */;
			projectDirPath = "";
			projectRoot = "";
			targets = (
				F95197E42BE39D640053F7F0 /* WalletWiseAI */,
			);
		};
/* End PBXProject section */

/* Begin PBXResourcesBuildPhase section */
		F95197E32BE39D640053F7F0 /* Resources */ = {
			isa = PBXResourcesBuildPhase;
			buildActionMask = 2147483647;
			files = (
				F95198002BE39E790053F7F0 /* LaunchScreen.storyboard in Resources */,
				F95198282BE3C4650053F7F0 /* SFProText-Bold.ttf in Resources */,
				F96E33192C11CCD800F22926 /* GoogleService-Info.plist in Resources */,
				F95198292BE3C4650053F7F0 /* SFProText-Regular.ttf in Resources */,
				F95198172BE3AED60053F7F0 /* Localizable.strings in Resources */,
				F95197FB2BE39DE80053F7F0 /* Preview Assets.xcassets in Resources */,
				F951982A2BE3C4650053F7F0 /* SFProText-Semibold.ttf in Resources */,
				F95197FA2BE39DE80053F7F0 /* Assets.xcassets in Resources */,
				F95198272BE3C4650053F7F0 /* SFProText-Medium.ttf in Resources */,
			);
			runOnlyForDeploymentPostprocessing = 0;
		};
/* End PBXResourcesBuildPhase section */

/* Begin PBXShellScriptBuildPhase section */
		F951980D2BE3A6CF0053F7F0 /* SwiftGen */ = {
			isa = PBXShellScriptBuildPhase;
			buildActionMask = 2147483647;
			files = (
			);
			inputFileListPaths = (
			);
			inputPaths = (
			);
			name = SwiftGen;
			outputFileListPaths = (
			);
			outputPaths = (
			);
			runOnlyForDeploymentPostprocessing = 0;
			shellPath = /bin/sh;
			shellScript = "if which swiftgen >/dev/null; then\n  swiftgen config run --config ${PROJECT_DIR}/swiftgen.yml\nelse\n  echo \"warning: SwiftGen not installed, download it from https://github.com/SwiftGen/SwiftGen\"\nfi\n";
		};
/* End PBXShellScriptBuildPhase section */

/* Begin PBXSourcesBuildPhase section */
		F95197E12BE39D640053F7F0 /* Sources */ = {
			isa = PBXSourcesBuildPhase;
			buildActionMask = 2147483647;
			files = (
				F95198022BE39F0B0053F7F0 /* AppDelegate.swift in Sources */,
				F9CCDDAA2C103B1400520347 /* Publisher+CollectionValidators.swift in Sources */,
				F9CCDDA82C103ABF00520347 /* Publisher+FormValidators.swift in Sources */,
				F98EA2622C29446900C76FBA /* TransactionDetailsView.swift in Sources */,
				F951982D2BE3C53A0053F7F0 /* Fonts+Custom.swift in Sources */,
				F95198042BE39FD60053F7F0 /* SceneDelegate.swift in Sources */,
				F951981B2BE3B1D00053F7F0 /* Assets.swift in Sources */,
				F9CEABBF2C1982A9003CB01B /* AccountsRow.swift in Sources */,
				F9CCDDA52C10370A00520347 /* SignInViewModel.swift in Sources */,
				F95198382BE4CDB90053F7F0 /* View+Corners.swift in Sources */,
				F9F7AD312BE4FEEC00A10AB2 /* WalletWiseSecureTextField.swift in Sources */,
				F98C94792BEBAAC000C243F7 /* AccountView.swift in Sources */,
				F9CCDDAC2C103B7C00520347 /* String+EmailRegex.swift in Sources */,
				F95198072BE3A0830053F7F0 /* RootView.swift in Sources */,
				F95198322BE3FC9F0053F7F0 /* NavStackHandler.swift in Sources */,
				F9C6BCDB2C246083005B1A41 /* DatePickerView.swift in Sources */,
				F9CEABC22C199F15003CB01B /* TransactionsHistoryView.swift in Sources */,
				F9F7AD3C2BEA5D6900A10AB2 /* PageControl.swift in Sources */,
				F95198362BE4CD7A0053F7F0 /* RoundedCorner.swift in Sources */,
				F951980A2BE3A1430053F7F0 /* WelcomeView.swift in Sources */,
				F971674B2C18685A0080DBB5 /* CustomProgressView.swift in Sources */,
				F951981F2BE3B2600053F7F0 /* BlueButtonStyle.swift in Sources */,
				F951980C2BE3A5E60053F7F0 /* SystemServices.swift in Sources */,
				F94ABE552C0EE6360030C5A3 /* FirebaseAuthentication.swift in Sources */,
				F9C5B6AE2C1C5E7000D44CD3 /* DateFormattingHelper.swift in Sources */,
				F98C94762BEBAA7B00C243F7 /* BudgetView.swift in Sources */,
				F95198212BE3BBC00053F7F0 /* BorderButtonStyle.swift in Sources */,
				F9F7AD352BEA3F4600A10AB2 /* IntroView.swift in Sources */,
				F9CCDDAF2C103C7E00520347 /* SignUpViewModel.swift in Sources */,
				F951982F2BE3F9CC0053F7F0 /* AuthView.swift in Sources */,
				F9F7AD3A2BEA5D0E00A10AB2 /* PageViewController.swift in Sources */,
				F9CEABC62C19B5A3003CB01B /* FilterView.swift in Sources */,
				F951981C2BE3B1D00053F7F0 /* Strings.swift in Sources */,
				F98C94732BEBAA3700C243F7 /* AIInsightsView.swift in Sources */,
				F951983B2BE4E2100053F7F0 /* WalletWiseTextField.swift in Sources */,
				F9CCDDA02C0F333E00520347 /* Subscriptions.swift in Sources */,
				F98C946D2BEBA96200C243F7 /* MainView.swift in Sources */,
				F9CCDD9E2C0F31E300520347 /* MessageView.swift in Sources */,
				F96E33202C11E18B00F22926 /* FirebaseService.swift in Sources */,
				F9F7AD332BE50CB900A10AB2 /* SignUpView.swift in Sources */,
				F98C94702BEBA9DF00C243F7 /* HomeView.swift in Sources */,
				F9A0E6552BEE3D3700E0115A /* TransactionRow.swift in Sources */,
				F9F7AD382BEA592400A10AB2 /* IntroPageView.swift in Sources */,
				F9CEABC42C19A387003CB01B /* TransactionsFilterView.swift in Sources */,
				F95198342BE4C8000053F7F0 /* SignInView.swift in Sources */,
			);
			runOnlyForDeploymentPostprocessing = 0;
		};
/* End PBXSourcesBuildPhase section */

/* Begin PBXVariantGroup section */
		F95198162BE3AED60053F7F0 /* Localizable.strings */ = {
			isa = PBXVariantGroup;
			children = (
				F95198152BE3AED60053F7F0 /* en */,
			);
			name = Localizable.strings;
			sourceTree = "<group>";
		};
/* End PBXVariantGroup section */

/* Begin XCBuildConfiguration section */
		F95197F12BE39D660053F7F0 /* Debug */ = {
			isa = XCBuildConfiguration;
			buildSettings = {
				ALWAYS_SEARCH_USER_PATHS = NO;
				ASSETCATALOG_COMPILER_GENERATE_SWIFT_ASSET_SYMBOL_EXTENSIONS = YES;
				CLANG_ANALYZER_NONNULL = YES;
				CLANG_ANALYZER_NUMBER_OBJECT_CONVERSION = YES_AGGRESSIVE;
				CLANG_CXX_LANGUAGE_STANDARD = "gnu++20";
				CLANG_ENABLE_MODULES = YES;
				CLANG_ENABLE_OBJC_ARC = YES;
				CLANG_ENABLE_OBJC_WEAK = YES;
				CLANG_WARN_BLOCK_CAPTURE_AUTORELEASING = YES;
				CLANG_WARN_BOOL_CONVERSION = YES;
				CLANG_WARN_COMMA = YES;
				CLANG_WARN_CONSTANT_CONVERSION = YES;
				CLANG_WARN_DEPRECATED_OBJC_IMPLEMENTATIONS = YES;
				CLANG_WARN_DIRECT_OBJC_ISA_USAGE = YES_ERROR;
				CLANG_WARN_DOCUMENTATION_COMMENTS = YES;
				CLANG_WARN_EMPTY_BODY = YES;
				CLANG_WARN_ENUM_CONVERSION = YES;
				CLANG_WARN_INFINITE_RECURSION = YES;
				CLANG_WARN_INT_CONVERSION = YES;
				CLANG_WARN_NON_LITERAL_NULL_CONVERSION = YES;
				CLANG_WARN_OBJC_IMPLICIT_RETAIN_SELF = YES;
				CLANG_WARN_OBJC_LITERAL_CONVERSION = YES;
				CLANG_WARN_OBJC_ROOT_CLASS = YES_ERROR;
				CLANG_WARN_QUOTED_INCLUDE_IN_FRAMEWORK_HEADER = YES;
				CLANG_WARN_RANGE_LOOP_ANALYSIS = YES;
				CLANG_WARN_STRICT_PROTOTYPES = YES;
				CLANG_WARN_SUSPICIOUS_MOVE = YES;
				CLANG_WARN_UNGUARDED_AVAILABILITY = YES_AGGRESSIVE;
				CLANG_WARN_UNREACHABLE_CODE = YES;
				CLANG_WARN__DUPLICATE_METHOD_MATCH = YES;
				COPY_PHASE_STRIP = NO;
				DEBUG_INFORMATION_FORMAT = dwarf;
				ENABLE_STRICT_OBJC_MSGSEND = YES;
				ENABLE_TESTABILITY = YES;
				ENABLE_USER_SCRIPT_SANDBOXING = YES;
				GCC_C_LANGUAGE_STANDARD = gnu17;
				GCC_DYNAMIC_NO_PIC = NO;
				GCC_NO_COMMON_BLOCKS = YES;
				GCC_OPTIMIZATION_LEVEL = 0;
				GCC_PREPROCESSOR_DEFINITIONS = (
					"DEBUG=1",
					"$(inherited)",
				);
				GCC_WARN_64_TO_32_BIT_CONVERSION = YES;
				GCC_WARN_ABOUT_RETURN_TYPE = YES_ERROR;
				GCC_WARN_UNDECLARED_SELECTOR = YES;
				GCC_WARN_UNINITIALIZED_AUTOS = YES_AGGRESSIVE;
				GCC_WARN_UNUSED_FUNCTION = YES;
				GCC_WARN_UNUSED_VARIABLE = YES;
				IPHONEOS_DEPLOYMENT_TARGET = 17.4;
				LOCALIZATION_PREFERS_STRING_CATALOGS = YES;
				MTL_ENABLE_DEBUG_INFO = INCLUDE_SOURCE;
				MTL_FAST_MATH = YES;
				ONLY_ACTIVE_ARCH = YES;
				SDKROOT = iphoneos;
				SWIFT_ACTIVE_COMPILATION_CONDITIONS = "DEBUG $(inherited)";
				SWIFT_OPTIMIZATION_LEVEL = "-Onone";
			};
			name = Debug;
		};
		F95197F22BE39D660053F7F0 /* Release */ = {
			isa = XCBuildConfiguration;
			buildSettings = {
				ALWAYS_SEARCH_USER_PATHS = NO;
				ASSETCATALOG_COMPILER_GENERATE_SWIFT_ASSET_SYMBOL_EXTENSIONS = YES;
				CLANG_ANALYZER_NONNULL = YES;
				CLANG_ANALYZER_NUMBER_OBJECT_CONVERSION = YES_AGGRESSIVE;
				CLANG_CXX_LANGUAGE_STANDARD = "gnu++20";
				CLANG_ENABLE_MODULES = YES;
				CLANG_ENABLE_OBJC_ARC = YES;
				CLANG_ENABLE_OBJC_WEAK = YES;
				CLANG_WARN_BLOCK_CAPTURE_AUTORELEASING = YES;
				CLANG_WARN_BOOL_CONVERSION = YES;
				CLANG_WARN_COMMA = YES;
				CLANG_WARN_CONSTANT_CONVERSION = YES;
				CLANG_WARN_DEPRECATED_OBJC_IMPLEMENTATIONS = YES;
				CLANG_WARN_DIRECT_OBJC_ISA_USAGE = YES_ERROR;
				CLANG_WARN_DOCUMENTATION_COMMENTS = YES;
				CLANG_WARN_EMPTY_BODY = YES;
				CLANG_WARN_ENUM_CONVERSION = YES;
				CLANG_WARN_INFINITE_RECURSION = YES;
				CLANG_WARN_INT_CONVERSION = YES;
				CLANG_WARN_NON_LITERAL_NULL_CONVERSION = YES;
				CLANG_WARN_OBJC_IMPLICIT_RETAIN_SELF = YES;
				CLANG_WARN_OBJC_LITERAL_CONVERSION = YES;
				CLANG_WARN_OBJC_ROOT_CLASS = YES_ERROR;
				CLANG_WARN_QUOTED_INCLUDE_IN_FRAMEWORK_HEADER = YES;
				CLANG_WARN_RANGE_LOOP_ANALYSIS = YES;
				CLANG_WARN_STRICT_PROTOTYPES = YES;
				CLANG_WARN_SUSPICIOUS_MOVE = YES;
				CLANG_WARN_UNGUARDED_AVAILABILITY = YES_AGGRESSIVE;
				CLANG_WARN_UNREACHABLE_CODE = YES;
				CLANG_WARN__DUPLICATE_METHOD_MATCH = YES;
				COPY_PHASE_STRIP = NO;
				DEBUG_INFORMATION_FORMAT = "dwarf-with-dsym";
				ENABLE_NS_ASSERTIONS = NO;
				ENABLE_STRICT_OBJC_MSGSEND = YES;
				ENABLE_USER_SCRIPT_SANDBOXING = YES;
				GCC_C_LANGUAGE_STANDARD = gnu17;
				GCC_NO_COMMON_BLOCKS = YES;
				GCC_WARN_64_TO_32_BIT_CONVERSION = YES;
				GCC_WARN_ABOUT_RETURN_TYPE = YES_ERROR;
				GCC_WARN_UNDECLARED_SELECTOR = YES;
				GCC_WARN_UNINITIALIZED_AUTOS = YES_AGGRESSIVE;
				GCC_WARN_UNUSED_FUNCTION = YES;
				GCC_WARN_UNUSED_VARIABLE = YES;
				IPHONEOS_DEPLOYMENT_TARGET = 17.4;
				LOCALIZATION_PREFERS_STRING_CATALOGS = YES;
				MTL_ENABLE_DEBUG_INFO = NO;
				MTL_FAST_MATH = YES;
				SDKROOT = iphoneos;
				SWIFT_COMPILATION_MODE = wholemodule;
				VALIDATE_PRODUCT = YES;
			};
			name = Release;
		};
		F95197F42BE39D660053F7F0 /* Debug */ = {
			isa = XCBuildConfiguration;
			buildSettings = {
				ASSETCATALOG_COMPILER_APPICON_NAME = AppIcon;
				ASSETCATALOG_COMPILER_GLOBAL_ACCENT_COLOR_NAME = AccentColor;
				CLANG_ENABLE_MODULES = YES;
				CODE_SIGN_STYLE = Automatic;
				CURRENT_PROJECT_VERSION = 1;
				DEVELOPMENT_ASSET_PATHS = "";
				DEVELOPMENT_TEAM = KY6X567SR3;
				ENABLE_PREVIEWS = YES;
				ENABLE_USER_SCRIPT_SANDBOXING = NO;
				GENERATE_INFOPLIST_FILE = YES;
				INFOPLIST_FILE = "WalletWiseAI-Info.plist";
				INFOPLIST_KEY_UIApplicationSupportsIndirectInputEvents = YES;
				INFOPLIST_KEY_UILaunchStoryboardName = LaunchScreen.storyboard;
				INFOPLIST_KEY_UISupportedInterfaceOrientations_iPad = "UIInterfaceOrientationPortrait UIInterfaceOrientationPortraitUpsideDown UIInterfaceOrientationLandscapeLeft UIInterfaceOrientationLandscapeRight";
				INFOPLIST_KEY_UISupportedInterfaceOrientations_iPhone = "UIInterfaceOrientationPortrait UIInterfaceOrientationLandscapeLeft UIInterfaceOrientationLandscapeRight";
				IPHONEOS_DEPLOYMENT_TARGET = 14.0;
				LD_RUNPATH_SEARCH_PATHS = (
					"$(inherited)",
					"@executable_path/Frameworks",
				);
				MARKETING_VERSION = 1.0;
				PRODUCT_BUNDLE_IDENTIFIER = com.txlabz.WalletWiseAI;
				PRODUCT_NAME = "$(TARGET_NAME)";
				SWIFT_EMIT_LOC_STRINGS = YES;
				SWIFT_OPTIMIZATION_LEVEL = "-Onone";
				SWIFT_VERSION = 5.0;
				TARGETED_DEVICE_FAMILY = "1,2";
			};
			name = Debug;
		};
		F95197F52BE39D660053F7F0 /* Release */ = {
			isa = XCBuildConfiguration;
			buildSettings = {
				ASSETCATALOG_COMPILER_APPICON_NAME = AppIcon;
				ASSETCATALOG_COMPILER_GLOBAL_ACCENT_COLOR_NAME = AccentColor;
				CLANG_ENABLE_MODULES = YES;
				CODE_SIGN_STYLE = Automatic;
				CURRENT_PROJECT_VERSION = 1;
				DEVELOPMENT_ASSET_PATHS = "";
				DEVELOPMENT_TEAM = KY6X567SR3;
				ENABLE_PREVIEWS = YES;
				ENABLE_USER_SCRIPT_SANDBOXING = NO;
				GENERATE_INFOPLIST_FILE = YES;
				INFOPLIST_FILE = "WalletWiseAI-Info.plist";
				INFOPLIST_KEY_UIApplicationSupportsIndirectInputEvents = YES;
				INFOPLIST_KEY_UILaunchStoryboardName = LaunchScreen.storyboard;
				INFOPLIST_KEY_UISupportedInterfaceOrientations_iPad = "UIInterfaceOrientationPortrait UIInterfaceOrientationPortraitUpsideDown UIInterfaceOrientationLandscapeLeft UIInterfaceOrientationLandscapeRight";
				INFOPLIST_KEY_UISupportedInterfaceOrientations_iPhone = "UIInterfaceOrientationPortrait UIInterfaceOrientationLandscapeLeft UIInterfaceOrientationLandscapeRight";
				IPHONEOS_DEPLOYMENT_TARGET = 14.0;
				LD_RUNPATH_SEARCH_PATHS = (
					"$(inherited)",
					"@executable_path/Frameworks",
				);
				MARKETING_VERSION = 1.0;
				PRODUCT_BUNDLE_IDENTIFIER = com.txlabz.WalletWiseAI;
				PRODUCT_NAME = "$(TARGET_NAME)";
				SWIFT_EMIT_LOC_STRINGS = YES;
				SWIFT_VERSION = 5.0;
				TARGETED_DEVICE_FAMILY = "1,2";
			};
			name = Release;
		};
/* End XCBuildConfiguration section */

/* Begin XCConfigurationList section */
		F95197E02BE39D640053F7F0 /* Build configuration list for PBXProject "WalletWiseAI" */ = {
			isa = XCConfigurationList;
			buildConfigurations = (
				F95197F12BE39D660053F7F0 /* Debug */,
				F95197F22BE39D660053F7F0 /* Release */,
			);
			defaultConfigurationIsVisible = 0;
			defaultConfigurationName = Release;
		};
		F95197F32BE39D660053F7F0 /* Build configuration list for PBXNativeTarget "WalletWiseAI" */ = {
			isa = XCConfigurationList;
			buildConfigurations = (
				F95197F42BE39D660053F7F0 /* Debug */,
				F95197F52BE39D660053F7F0 /* Release */,
			);
			defaultConfigurationIsVisible = 0;
			defaultConfigurationName = Release;
		};
/* End XCConfigurationList section */

/* Begin XCRemoteSwiftPackageReference section */
		F96E331A2C11CE4000F22926 /* XCRemoteSwiftPackageReference "GoogleSignIn-iOS" */ = {
			isa = XCRemoteSwiftPackageReference;
			repositoryURL = "https://github.com/google/GoogleSignIn-iOS";
			requirement = {
				kind = upToNextMajorVersion;
				minimumVersion = 7.1.0;
			};
		};
		F9CCDD9A2C0F057500520347 /* XCRemoteSwiftPackageReference "firebase-ios-sdk" */ = {
			isa = XCRemoteSwiftPackageReference;
			repositoryURL = "https://github.com/firebase/firebase-ios-sdk";
			requirement = {
				kind = upToNextMajorVersion;
				minimumVersion = 10.27.0;
			};
		};
/* End XCRemoteSwiftPackageReference section */

/* Begin XCSwiftPackageProductDependency section */
		F96E33142C119E4500F22926 /* FirebaseFirestore */ = {
			isa = XCSwiftPackageProductDependency;
			package = F9CCDD9A2C0F057500520347 /* XCRemoteSwiftPackageReference "firebase-ios-sdk" */;
			productName = FirebaseFirestore;
		};
		F96E33162C119E5600F22926 /* FirebaseFirestoreSwift */ = {
			isa = XCSwiftPackageProductDependency;
			package = F9CCDD9A2C0F057500520347 /* XCRemoteSwiftPackageReference "firebase-ios-sdk" */;
			productName = FirebaseFirestoreSwift;
		};
		F96E331B2C11CE4000F22926 /* GoogleSignIn */ = {
			isa = XCSwiftPackageProductDependency;
			package = F96E331A2C11CE4000F22926 /* XCRemoteSwiftPackageReference "GoogleSignIn-iOS" */;
			productName = GoogleSignIn;
		};
		F96E331D2C11CE4000F22926 /* GoogleSignInSwift */ = {
			isa = XCSwiftPackageProductDependency;
			package = F96E331A2C11CE4000F22926 /* XCRemoteSwiftPackageReference "GoogleSignIn-iOS" */;
			productName = GoogleSignInSwift;
		};
		F9CCDD9B2C0F057500520347 /* FirebaseAuth */ = {
			isa = XCSwiftPackageProductDependency;
			package = F9CCDD9A2C0F057500520347 /* XCRemoteSwiftPackageReference "firebase-ios-sdk" */;
			productName = FirebaseAuth;
		};
/* End XCSwiftPackageProductDependency section */
	};
	rootObject = F95197DD2BE39D640053F7F0 /* Project object */;
}
